// !$*UTF8*$!
{
	archiveVersion = 1;
	classes = {
	};
	objectVersion = 56;
	objects = {

/* Begin PBXBuildFile section */
		66B03885291590FC00D6C8AD /* KoiraAppApp.swift in Sources */ = {isa = PBXBuildFile; fileRef = 66B03884291590FC00D6C8AD /* KoiraAppApp.swift */; };
		66B03887291590FC00D6C8AD /* ContentView.swift in Sources */ = {isa = PBXBuildFile; fileRef = 66B03886291590FC00D6C8AD /* ContentView.swift */; };
		66B03889291590FE00D6C8AD /* Assets.xcassets in Resources */ = {isa = PBXBuildFile; fileRef = 66B03888291590FE00D6C8AD /* Assets.xcassets */; };
		66B0388C291590FE00D6C8AD /* Preview Assets.xcassets in Resources */ = {isa = PBXBuildFile; fileRef = 66B0388B291590FE00D6C8AD /* Preview Assets.xcassets */; };
		66B038932915925500D6C8AD /* AppointmentView.swift in Sources */ = {isa = PBXBuildFile; fileRef = 66B038922915925400D6C8AD /* AppointmentView.swift */; };
		66B03896291592C000D6C8AD /* MapView.swift in Sources */ = {isa = PBXBuildFile; fileRef = 66B03895291592C000D6C8AD /* MapView.swift */; };
		66B038982915944400D6C8AD /* InfoView.swift in Sources */ = {isa = PBXBuildFile; fileRef = 66B038972915944400D6C8AD /* InfoView.swift */; };
		66B0389A2915947700D6C8AD /* ProfileView.swift in Sources */ = {isa = PBXBuildFile; fileRef = 66B038992915947700D6C8AD /* ProfileView.swift */; };
		66B0389D291596AA00D6C8AD /* MediumTile.swift in Sources */ = {isa = PBXBuildFile; fileRef = 66B0389C291596AA00D6C8AD /* MediumTile.swift */; };
		66B038A029159D5E00D6C8AD /* ShelterModel.swift in Sources */ = {isa = PBXBuildFile; fileRef = 66B0389F29159D5E00D6C8AD /* ShelterModel.swift */; };
		66B038A229159DAE00D6C8AD /* MapAnnotationView.swift in Sources */ = {isa = PBXBuildFile; fileRef = 66B038A129159DAE00D6C8AD /* MapAnnotationView.swift */; };
		66B038A529159E4C00D6C8AD /* CodableBundleExtension.swift in Sources */ = {isa = PBXBuildFile; fileRef = 66B038A429159E4C00D6C8AD /* CodableBundleExtension.swift */; };
		66B038A829159F9900D6C8AD /* shelters.json in Resources */ = {isa = PBXBuildFile; fileRef = 66B038A729159F9900D6C8AD /* shelters.json */; };
		66B038AA2915AE1900D6C8AD /* ShelterInfoView.swift in Sources */ = {isa = PBXBuildFile; fileRef = 66B038A92915AE1900D6C8AD /* ShelterInfoView.swift */; };
		66B038AC2915AF4100D6C8AD /* ShelterInfoItemView.swift in Sources */ = {isa = PBXBuildFile; fileRef = 66B038AB2915AF4100D6C8AD /* ShelterInfoItemView.swift */; };
		66B038AE2916614100D6C8AD /* DogModel.swift in Sources */ = {isa = PBXBuildFile; fileRef = 66B038AD2916614100D6C8AD /* DogModel.swift */; };
		66B038B02916620200D6C8AD /* DogItemView.swift in Sources */ = {isa = PBXBuildFile; fileRef = 66B038AF2916620200D6C8AD /* DogItemView.swift */; };
		66B038B22916645B00D6C8AD /* dogs.json in Resources */ = {isa = PBXBuildFile; fileRef = 66B038B12916645B00D6C8AD /* dogs.json */; };
		66B038B42916654A00D6C8AD /* BackendSettings.swift in Sources */ = {isa = PBXBuildFile; fileRef = 66B038B32916654A00D6C8AD /* BackendSettings.swift */; };
		66B038B62916690800D6C8AD /* DogInfoView.swift in Sources */ = {isa = PBXBuildFile; fileRef = 66B038B52916690800D6C8AD /* DogInfoView.swift */; };
		66B038B929169BB400D6C8AD /* BlurHashDecode.swift in Sources */ = {isa = PBXBuildFile; fileRef = 66B038B829169BB300D6C8AD /* BlurHashDecode.swift */; };
		66B038BB29169BEB00D6C8AD /* BlurHashedImage.swift in Sources */ = {isa = PBXBuildFile; fileRef = 66B038BA29169BEB00D6C8AD /* BlurHashedImage.swift */; };
/* End PBXBuildFile section */

/* Begin PBXFileReference section */
		66B03881291590FC00D6C8AD /* KoiraApp.app */ = {isa = PBXFileReference; explicitFileType = wrapper.application; includeInIndex = 0; path = KoiraApp.app; sourceTree = BUILT_PRODUCTS_DIR; };
		66B03884291590FC00D6C8AD /* KoiraAppApp.swift */ = {isa = PBXFileReference; lastKnownFileType = sourcecode.swift; path = KoiraAppApp.swift; sourceTree = "<group>"; };
		66B03886291590FC00D6C8AD /* ContentView.swift */ = {isa = PBXFileReference; lastKnownFileType = sourcecode.swift; path = ContentView.swift; sourceTree = "<group>"; };
		66B03888291590FE00D6C8AD /* Assets.xcassets */ = {isa = PBXFileReference; lastKnownFileType = folder.assetcatalog; path = Assets.xcassets; sourceTree = "<group>"; };
		66B0388B291590FE00D6C8AD /* Preview Assets.xcassets */ = {isa = PBXFileReference; lastKnownFileType = folder.assetcatalog; path = "Preview Assets.xcassets"; sourceTree = "<group>"; };
		66B038922915925400D6C8AD /* AppointmentView.swift */ = {isa = PBXFileReference; lastKnownFileType = sourcecode.swift; path = AppointmentView.swift; sourceTree = "<group>"; };
		66B03895291592C000D6C8AD /* MapView.swift */ = {isa = PBXFileReference; lastKnownFileType = sourcecode.swift; path = MapView.swift; sourceTree = "<group>"; };
		66B038972915944400D6C8AD /* InfoView.swift */ = {isa = PBXFileReference; lastKnownFileType = sourcecode.swift; path = InfoView.swift; sourceTree = "<group>"; };
		66B038992915947700D6C8AD /* ProfileView.swift */ = {isa = PBXFileReference; lastKnownFileType = sourcecode.swift; path = ProfileView.swift; sourceTree = "<group>"; };
		66B0389C291596AA00D6C8AD /* MediumTile.swift */ = {isa = PBXFileReference; lastKnownFileType = sourcecode.swift; path = MediumTile.swift; sourceTree = "<group>"; };
		66B0389F29159D5E00D6C8AD /* ShelterModel.swift */ = {isa = PBXFileReference; lastKnownFileType = sourcecode.swift; path = ShelterModel.swift; sourceTree = "<group>"; };
		66B038A129159DAE00D6C8AD /* MapAnnotationView.swift */ = {isa = PBXFileReference; lastKnownFileType = sourcecode.swift; path = MapAnnotationView.swift; sourceTree = "<group>"; };
		66B038A429159E4C00D6C8AD /* CodableBundleExtension.swift */ = {isa = PBXFileReference; lastKnownFileType = sourcecode.swift; path = CodableBundleExtension.swift; sourceTree = "<group>"; };
		66B038A729159F9900D6C8AD /* shelters.json */ = {isa = PBXFileReference; lastKnownFileType = text.json; path = shelters.json; sourceTree = "<group>"; };
		66B038A92915AE1900D6C8AD /* ShelterInfoView.swift */ = {isa = PBXFileReference; lastKnownFileType = sourcecode.swift; path = ShelterInfoView.swift; sourceTree = "<group>"; };
		66B038AB2915AF4100D6C8AD /* ShelterInfoItemView.swift */ = {isa = PBXFileReference; lastKnownFileType = sourcecode.swift; path = ShelterInfoItemView.swift; sourceTree = "<group>"; };
		66B038AD2916614100D6C8AD /* DogModel.swift */ = {isa = PBXFileReference; lastKnownFileType = sourcecode.swift; path = DogModel.swift; sourceTree = "<group>"; };
		66B038AF2916620200D6C8AD /* DogItemView.swift */ = {isa = PBXFileReference; lastKnownFileType = sourcecode.swift; path = DogItemView.swift; sourceTree = "<group>"; };
		66B038B12916645B00D6C8AD /* dogs.json */ = {isa = PBXFileReference; lastKnownFileType = text.json; path = dogs.json; sourceTree = "<group>"; };
		66B038B32916654A00D6C8AD /* BackendSettings.swift */ = {isa = PBXFileReference; lastKnownFileType = sourcecode.swift; path = BackendSettings.swift; sourceTree = "<group>"; };
		66B038B52916690800D6C8AD /* DogInfoView.swift */ = {isa = PBXFileReference; lastKnownFileType = sourcecode.swift; path = DogInfoView.swift; sourceTree = "<group>"; };
		66B038B72916764100D6C8AD /* Info.plist */ = {isa = PBXFileReference; lastKnownFileType = text.plist; path = Info.plist; sourceTree = "<group>"; };
		66B038B829169BB300D6C8AD /* BlurHashDecode.swift */ = {isa = PBXFileReference; lastKnownFileType = sourcecode.swift; path = BlurHashDecode.swift; sourceTree = "<group>"; };
		66B038BA29169BEB00D6C8AD /* BlurHashedImage.swift */ = {isa = PBXFileReference; lastKnownFileType = sourcecode.swift; path = BlurHashedImage.swift; sourceTree = "<group>"; };
/* End PBXFileReference section */

/* Begin PBXFrameworksBuildPhase section */
		66B0387E291590FC00D6C8AD /* Frameworks */ = {
			isa = PBXFrameworksBuildPhase;
			buildActionMask = 2147483647;
			files = (
			);
			runOnlyForDeploymentPostprocessing = 0;
		};
/* End PBXFrameworksBuildPhase section */

/* Begin PBXGroup section */
		66B03878291590FC00D6C8AD = {
			isa = PBXGroup;
			children = (
				66B03883291590FC00D6C8AD /* KoiraApp */,
				66B03882291590FC00D6C8AD /* Products */,
			);
			sourceTree = "<group>";
		};
		66B03882291590FC00D6C8AD /* Products */ = {
			isa = PBXGroup;
			children = (
				66B03881291590FC00D6C8AD /* KoiraApp.app */,
			);
			name = Products;
			sourceTree = "<group>";
		};
		66B03883291590FC00D6C8AD /* KoiraApp */ = {
			isa = PBXGroup;
			children = (
				66B038B72916764100D6C8AD /* Info.plist */,
				66B038A629159F5E00D6C8AD /* Data */,
				66B038A329159E3600D6C8AD /* Extension */,
				66B03884291590FC00D6C8AD /* KoiraAppApp.swift */,
				66B03886291590FC00D6C8AD /* ContentView.swift */,
				66B03888291590FE00D6C8AD /* Assets.xcassets */,
				66B0388A291590FE00D6C8AD /* Preview Content */,
				66B038942915925F00D6C8AD /* Views */,
				66B0389B2915968900D6C8AD /* Components */,
				66B0389E29159D3300D6C8AD /* Models */,
			);
			path = KoiraApp;
			sourceTree = "<group>";
		};
		66B0388A291590FE00D6C8AD /* Preview Content */ = {
			isa = PBXGroup;
			children = (
				66B0388B291590FE00D6C8AD /* Preview Assets.xcassets */,
			);
			path = "Preview Content";
			sourceTree = "<group>";
		};
		66B038942915925F00D6C8AD /* Views */ = {
			isa = PBXGroup;
			children = (
				66B038922915925400D6C8AD /* AppointmentView.swift */,
				66B03895291592C000D6C8AD /* MapView.swift */,
				66B038972915944400D6C8AD /* InfoView.swift */,
				66B038992915947700D6C8AD /* ProfileView.swift */,
				66B038A92915AE1900D6C8AD /* ShelterInfoView.swift */,
				66B038B52916690800D6C8AD /* DogInfoView.swift */,
			);
			path = Views;
			sourceTree = "<group>";
		};
		66B0389B2915968900D6C8AD /* Components */ = {
			isa = PBXGroup;
			children = (
				66B0389C291596AA00D6C8AD /* MediumTile.swift */,
				66B038A129159DAE00D6C8AD /* MapAnnotationView.swift */,
				66B038AB2915AF4100D6C8AD /* ShelterInfoItemView.swift */,
				66B038AF2916620200D6C8AD /* DogItemView.swift */,
			);
			path = Components;
			sourceTree = "<group>";
		};
		66B0389E29159D3300D6C8AD /* Models */ = {
			isa = PBXGroup;
			children = (
				66B0389F29159D5E00D6C8AD /* ShelterModel.swift */,
				66B038AD2916614100D6C8AD /* DogModel.swift */,
				66B038BA29169BEB00D6C8AD /* BlurHashedImage.swift */,
			);
			path = Models;
			sourceTree = "<group>";
		};
		66B038A329159E3600D6C8AD /* Extension */ = {
			isa = PBXGroup;
			children = (
				66B038A429159E4C00D6C8AD /* CodableBundleExtension.swift */,
			);
			path = Extension;
			sourceTree = "<group>";
		};
		66B038A629159F5E00D6C8AD /* Data */ = {
			isa = PBXGroup;
			children = (
				66B038A729159F9900D6C8AD /* shelters.json */,
				66B038B12916645B00D6C8AD /* dogs.json */,
				66B038B32916654A00D6C8AD /* BackendSettings.swift */,
				66B038B829169BB300D6C8AD /* BlurHashDecode.swift */,
			);
			path = Data;
			sourceTree = "<group>";
		};
/* End PBXGroup section */

/* Begin PBXNativeTarget section */
		66B03880291590FC00D6C8AD /* KoiraApp */ = {
			isa = PBXNativeTarget;
			buildConfigurationList = 66B0388F291590FE00D6C8AD /* Build configuration list for PBXNativeTarget "KoiraApp" */;
			buildPhases = (
				66B0387D291590FC00D6C8AD /* Sources */,
				66B0387E291590FC00D6C8AD /* Frameworks */,
				66B0387F291590FC00D6C8AD /* Resources */,
			);
			buildRules = (
			);
			dependencies = (
			);
			name = KoiraApp;
			productName = KoiraApp;
			productReference = 66B03881291590FC00D6C8AD /* KoiraApp.app */;
			productType = "com.apple.product-type.application";
		};
/* End PBXNativeTarget section */

/* Begin PBXProject section */
		66B03879291590FC00D6C8AD /* Project object */ = {
			isa = PBXProject;
			attributes = {
				BuildIndependentTargetsInParallel = 1;
				LastSwiftUpdateCheck = 1410;
				LastUpgradeCheck = 1410;
				TargetAttributes = {
					66B03880291590FC00D6C8AD = {
						CreatedOnToolsVersion = 14.1;
					};
				};
			};
			buildConfigurationList = 66B0387C291590FC00D6C8AD /* Build configuration list for PBXProject "KoiraApp" */;
			compatibilityVersion = "Xcode 14.0";
			developmentRegion = en;
			hasScannedForEncodings = 0;
			knownRegions = (
				en,
				Base,
			);
			mainGroup = 66B03878291590FC00D6C8AD;
			productRefGroup = 66B03882291590FC00D6C8AD /* Products */;
			projectDirPath = "";
			projectRoot = "";
			targets = (
				66B03880291590FC00D6C8AD /* KoiraApp */,
			);
		};
/* End PBXProject section */

/* Begin PBXResourcesBuildPhase section */
		66B0387F291590FC00D6C8AD /* Resources */ = {
			isa = PBXResourcesBuildPhase;
			buildActionMask = 2147483647;
			files = (
				66B038A829159F9900D6C8AD /* shelters.json in Resources */,
				66B0388C291590FE00D6C8AD /* Preview Assets.xcassets in Resources */,
				66B038B22916645B00D6C8AD /* dogs.json in Resources */,
				66B03889291590FE00D6C8AD /* Assets.xcassets in Resources */,
			);
			runOnlyForDeploymentPostprocessing = 0;
		};
/* End PBXResourcesBuildPhase section */

/* Begin PBXSourcesBuildPhase section */
		66B0387D291590FC00D6C8AD /* Sources */ = {
			isa = PBXSourcesBuildPhase;
			buildActionMask = 2147483647;
			files = (
				66B03887291590FC00D6C8AD /* ContentView.swift in Sources */,
				66B038BB29169BEB00D6C8AD /* BlurHashedImage.swift in Sources */,
				66B038AC2915AF4100D6C8AD /* ShelterInfoItemView.swift in Sources */,
				66B038A029159D5E00D6C8AD /* ShelterModel.swift in Sources */,
				66B038A229159DAE00D6C8AD /* MapAnnotationView.swift in Sources */,
				66B03885291590FC00D6C8AD /* KoiraAppApp.swift in Sources */,
				66B038A529159E4C00D6C8AD /* CodableBundleExtension.swift in Sources */,
				66B03896291592C000D6C8AD /* MapView.swift in Sources */,
				66B038B929169BB400D6C8AD /* BlurHashDecode.swift in Sources */,
				66B038AA2915AE1900D6C8AD /* ShelterInfoView.swift in Sources */,
				66B038B42916654A00D6C8AD /* BackendSettings.swift in Sources */,
				66B038B02916620200D6C8AD /* DogItemView.swift in Sources */,
				66B038982915944400D6C8AD /* InfoView.swift in Sources */,
				66B0389D291596AA00D6C8AD /* MediumTile.swift in Sources */,
				66B038AE2916614100D6C8AD /* DogModel.swift in Sources */,
				66B038B62916690800D6C8AD /* DogInfoView.swift in Sources */,
				66B0389A2915947700D6C8AD /* ProfileView.swift in Sources */,
				66B038932915925500D6C8AD /* AppointmentView.swift in Sources */,
			);
			runOnlyForDeploymentPostprocessing = 0;
		};
/* End PBXSourcesBuildPhase section */

/* Begin XCBuildConfiguration section */
		66B0388D291590FE00D6C8AD /* Debug */ = {
			isa = XCBuildConfiguration;
			buildSettings = {
				ALWAYS_SEARCH_USER_PATHS = NO;
				CLANG_ANALYZER_NONNULL = YES;
				CLANG_ANALYZER_NUMBER_OBJECT_CONVERSION = YES_AGGRESSIVE;
				CLANG_CXX_LANGUAGE_STANDARD = "gnu++20";
				CLANG_ENABLE_MODULES = YES;
				CLANG_ENABLE_OBJC_ARC = YES;
				CLANG_ENABLE_OBJC_WEAK = YES;
				CLANG_WARN_BLOCK_CAPTURE_AUTORELEASING = YES;
				CLANG_WARN_BOOL_CONVERSION = YES;
				CLANG_WARN_COMMA = YES;
				CLANG_WARN_CONSTANT_CONVERSION = YES;
				CLANG_WARN_DEPRECATED_OBJC_IMPLEMENTATIONS = YES;
				CLANG_WARN_DIRECT_OBJC_ISA_USAGE = YES_ERROR;
				CLANG_WARN_DOCUMENTATION_COMMENTS = YES;
				CLANG_WARN_EMPTY_BODY = YES;
				CLANG_WARN_ENUM_CONVERSION = YES;
				CLANG_WARN_INFINITE_RECURSION = YES;
				CLANG_WARN_INT_CONVERSION = YES;
				CLANG_WARN_NON_LITERAL_NULL_CONVERSION = YES;
				CLANG_WARN_OBJC_IMPLICIT_RETAIN_SELF = YES;
				CLANG_WARN_OBJC_LITERAL_CONVERSION = YES;
				CLANG_WARN_OBJC_ROOT_CLASS = YES_ERROR;
				CLANG_WARN_QUOTED_INCLUDE_IN_FRAMEWORK_HEADER = YES;
				CLANG_WARN_RANGE_LOOP_ANALYSIS = YES;
				CLANG_WARN_STRICT_PROTOTYPES = YES;
				CLANG_WARN_SUSPICIOUS_MOVE = YES;
				CLANG_WARN_UNGUARDED_AVAILABILITY = YES_AGGRESSIVE;
				CLANG_WARN_UNREACHABLE_CODE = YES;
				CLANG_WARN__DUPLICATE_METHOD_MATCH = YES;
				COPY_PHASE_STRIP = NO;
				DEBUG_INFORMATION_FORMAT = dwarf;
				ENABLE_STRICT_OBJC_MSGSEND = YES;
				ENABLE_TESTABILITY = YES;
				GCC_C_LANGUAGE_STANDARD = gnu11;
				GCC_DYNAMIC_NO_PIC = NO;
				GCC_NO_COMMON_BLOCKS = YES;
				GCC_OPTIMIZATION_LEVEL = 0;
				GCC_PREPROCESSOR_DEFINITIONS = (
					"DEBUG=1",
					"$(inherited)",
				);
				GCC_WARN_64_TO_32_BIT_CONVERSION = YES;
				GCC_WARN_ABOUT_RETURN_TYPE = YES_ERROR;
				GCC_WARN_UNDECLARED_SELECTOR = YES;
				GCC_WARN_UNINITIALIZED_AUTOS = YES_AGGRESSIVE;
				GCC_WARN_UNUSED_FUNCTION = YES;
				GCC_WARN_UNUSED_VARIABLE = YES;
				IPHONEOS_DEPLOYMENT_TARGET = 16.1;
				MTL_ENABLE_DEBUG_INFO = INCLUDE_SOURCE;
				MTL_FAST_MATH = YES;
				ONLY_ACTIVE_ARCH = YES;
				SDKROOT = iphoneos;
				SWIFT_ACTIVE_COMPILATION_CONDITIONS = DEBUG;
				SWIFT_OPTIMIZATION_LEVEL = "-Onone";
			};
			name = Debug;
		};
		66B0388E291590FE00D6C8AD /* Release */ = {
			isa = XCBuildConfiguration;
			buildSettings = {
				ALWAYS_SEARCH_USER_PATHS = NO;
				CLANG_ANALYZER_NONNULL = YES;
				CLANG_ANALYZER_NUMBER_OBJECT_CONVERSION = YES_AGGRESSIVE;
				CLANG_CXX_LANGUAGE_STANDARD = "gnu++20";
				CLANG_ENABLE_MODULES = YES;
				CLANG_ENABLE_OBJC_ARC = YES;
				CLANG_ENABLE_OBJC_WEAK = YES;
				CLANG_WARN_BLOCK_CAPTURE_AUTORELEASING = YES;
				CLANG_WARN_BOOL_CONVERSION = YES;
				CLANG_WARN_COMMA = YES;
				CLANG_WARN_CONSTANT_CONVERSION = YES;
				CLANG_WARN_DEPRECATED_OBJC_IMPLEMENTATIONS = YES;
				CLANG_WARN_DIRECT_OBJC_ISA_USAGE = YES_ERROR;
				CLANG_WARN_DOCUMENTATION_COMMENTS = YES;
				CLANG_WARN_EMPTY_BODY = YES;
				CLANG_WARN_ENUM_CONVERSION = YES;
				CLANG_WARN_INFINITE_RECURSION = YES;
				CLANG_WARN_INT_CONVERSION = YES;
				CLANG_WARN_NON_LITERAL_NULL_CONVERSION = YES;
				CLANG_WARN_OBJC_IMPLICIT_RETAIN_SELF = YES;
				CLANG_WARN_OBJC_LITERAL_CONVERSION = YES;
				CLANG_WARN_OBJC_ROOT_CLASS = YES_ERROR;
				CLANG_WARN_QUOTED_INCLUDE_IN_FRAMEWORK_HEADER = YES;
				CLANG_WARN_RANGE_LOOP_ANALYSIS = YES;
				CLANG_WARN_STRICT_PROTOTYPES = YES;
				CLANG_WARN_SUSPICIOUS_MOVE = YES;
				CLANG_WARN_UNGUARDED_AVAILABILITY = YES_AGGRESSIVE;
				CLANG_WARN_UNREACHABLE_CODE = YES;
				CLANG_WARN__DUPLICATE_METHOD_MATCH = YES;
				COPY_PHASE_STRIP = NO;
				DEBUG_INFORMATION_FORMAT = "dwarf-with-dsym";
				ENABLE_NS_ASSERTIONS = NO;
				ENABLE_STRICT_OBJC_MSGSEND = YES;
				GCC_C_LANGUAGE_STANDARD = gnu11;
				GCC_NO_COMMON_BLOCKS = YES;
				GCC_WARN_64_TO_32_BIT_CONVERSION = YES;
				GCC_WARN_ABOUT_RETURN_TYPE = YES_ERROR;
				GCC_WARN_UNDECLARED_SELECTOR = YES;
				GCC_WARN_UNINITIALIZED_AUTOS = YES_AGGRESSIVE;
				GCC_WARN_UNUSED_FUNCTION = YES;
				GCC_WARN_UNUSED_VARIABLE = YES;
				IPHONEOS_DEPLOYMENT_TARGET = 16.1;
				MTL_ENABLE_DEBUG_INFO = NO;
				MTL_FAST_MATH = YES;
				SDKROOT = iphoneos;
				SWIFT_COMPILATION_MODE = wholemodule;
				SWIFT_OPTIMIZATION_LEVEL = "-O";
				VALIDATE_PRODUCT = YES;
			};
			name = Release;
		};
		66B03890291590FE00D6C8AD /* Debug */ = {
			isa = XCBuildConfiguration;
			buildSettings = {
				ASSETCATALOG_COMPILER_APPICON_NAME = AppIcon;
				ASSETCATALOG_COMPILER_GLOBAL_ACCENT_COLOR_NAME = AccentColor;
				CODE_SIGN_STYLE = Automatic;
				CURRENT_PROJECT_VERSION = 1;
				DEVELOPMENT_ASSET_PATHS = "\"KoiraApp/Preview Content\"";
				DEVELOPMENT_TEAM = ZRJ5F4YWW9;
				ENABLE_PREVIEWS = YES;
				GENERATE_INFOPLIST_FILE = YES;
				INFOPLIST_FILE = KoiraApp/Info.plist;
				INFOPLIST_KEY_UIApplicationSceneManifest_Generation = YES;
				INFOPLIST_KEY_UIApplicationSupportsIndirectInputEvents = YES;
				INFOPLIST_KEY_UILaunchScreen_Generation = YES;
				INFOPLIST_KEY_UISupportedInterfaceOrientations_iPad = "UIInterfaceOrientationPortrait UIInterfaceOrientationPortraitUpsideDown UIInterfaceOrientationLandscapeLeft UIInterfaceOrientationLandscapeRight";
				INFOPLIST_KEY_UISupportedInterfaceOrientations_iPhone = "UIInterfaceOrientationPortrait UIInterfaceOrientationLandscapeLeft UIInterfaceOrientationLandscapeRight";
				LD_RUNPATH_SEARCH_PATHS = (
					"$(inherited)",
					"@executable_path/Frameworks",
				);
				MARKETING_VERSION = 1.0;
				PRODUCT_BUNDLE_IDENTIFIER = com.rzakhar.KoiraApp;
				PRODUCT_NAME = "$(TARGET_NAME)";
				SWIFT_EMIT_LOC_STRINGS = YES;
				SWIFT_VERSION = 5.0;
				TARGETED_DEVICE_FAMILY = "1,2";
			};
			name = Debug;
		};
		66B03891291590FE00D6C8AD /* Release */ = {
			isa = XCBuildConfiguration;
			buildSettings = {
				ASSETCATALOG_COMPILER_APPICON_NAME = AppIcon;
				ASSETCATALOG_COMPILER_GLOBAL_ACCENT_COLOR_NAME = AccentColor;
				CODE_SIGN_STYLE = Automatic;
				CURRENT_PROJECT_VERSION = 1;
				DEVELOPMENT_ASSET_PATHS = "\"KoiraApp/Preview Content\"";
				DEVELOPMENT_TEAM = ZRJ5F4YWW9;
				ENABLE_PREVIEWS = YES;
				GENERATE_INFOPLIST_FILE = YES;
				INFOPLIST_FILE = KoiraApp/Info.plist;
				INFOPLIST_KEY_UIApplicationSceneManifest_Generation = YES;
				INFOPLIST_KEY_UIApplicationSupportsIndirectInputEvents = YES;
				INFOPLIST_KEY_UILaunchScreen_Generation = YES;
				INFOPLIST_KEY_UISupportedInterfaceOrientations_iPad = "UIInterfaceOrientationPortrait UIInterfaceOrientationPortraitUpsideDown UIInterfaceOrientationLandscapeLeft UIInterfaceOrientationLandscapeRight";
				INFOPLIST_KEY_UISupportedInterfaceOrientations_iPhone = "UIInterfaceOrientationPortrait UIInterfaceOrientationLandscapeLeft UIInterfaceOrientationLandscapeRight";
				LD_RUNPATH_SEARCH_PATHS = (
					"$(inherited)",
					"@executable_path/Frameworks",
				);
				MARKETING_VERSION = 1.0;
				PRODUCT_BUNDLE_IDENTIFIER = com.rzakhar.KoiraApp;
				PRODUCT_NAME = "$(TARGET_NAME)";
				SWIFT_EMIT_LOC_STRINGS = YES;
				SWIFT_VERSION = 5.0;
				TARGETED_DEVICE_FAMILY = "1,2";
			};
			name = Release;
		};
/* End XCBuildConfiguration section */

/* Begin XCConfigurationList section */
		66B0387C291590FC00D6C8AD /* Build configuration list for PBXProject "KoiraApp" */ = {
			isa = XCConfigurationList;
			buildConfigurations = (
				66B0388D291590FE00D6C8AD /* Debug */,
				66B0388E291590FE00D6C8AD /* Release */,
			);
			defaultConfigurationIsVisible = 0;
			defaultConfigurationName = Release;
		};
		66B0388F291590FE00D6C8AD /* Build configuration list for PBXNativeTarget "KoiraApp" */ = {
			isa = XCConfigurationList;
			buildConfigurations = (
				66B03890291590FE00D6C8AD /* Debug */,
				66B03891291590FE00D6C8AD /* Release */,
			);
			defaultConfigurationIsVisible = 0;
			defaultConfigurationName = Release;
		};
/* End XCConfigurationList section */
	};
	rootObject = 66B03879291590FC00D6C8AD /* Project object */;
}
